
Microsoft Visual Studio Solution File, Format Version 12.00
# Visual Studio Version 16
VisualStudioVersion = 16.0.32126.315
MinimumVisualStudioVersion = 10.0.40219.1
Project("{FAE04EC0-301F-11D3-BF4B-00C04F79EFBC}") = "ConsultaEmailsLocaweb", "ConsultaEmailsLocaweb\ConsultaEmailsLocaweb.csproj", "{2423D7A4-2E7F-4EEB-8CB1-A4BE97842D97}"
EndProject
Global
	GlobalSection(SolutionConfigurationPlatforms) = preSolution
		Debug|Any CPU = Debug|Any CPU
		Release|Any CPU = Release|Any CPU
	EndGlobalSection
	GlobalSection(ProjectConfigurationPlatforms) = postSolution
		{2423D7A4-2E7F-4EEB-8CB1-A4BE97842D97}.Debug|Any CPU.ActiveCfg = Debug|Any CPU
		{2423D7A4-2E7F-4EEB-8CB1-A4BE97842D97}.Debug|Any CPU.Build.0 = Debug|Any CPU
		{2423D7A4-2E7F-4EEB-8CB1-A4BE97842D97}.Release|Any CPU.ActiveCfg = Release|Any CPU
		{2423D7A4-2E7F-4EEB-8CB1-A4BE97842D97}.Release|Any CPU.Build.0 = Release|Any CPU
	EndGlobalSection
	GlobalSection(SolutionProperties) = preSolution
		HideSolutionNode = FALSE
	EndGlobalSection
	GlobalSection(ExtensibilityGlobals) = postSolution
		SolutionGuid = {68A78C4D-ECDC-4131-AD6F-DC02B55D96E2}
	EndGlobalSection
EndGlobal
